
Microsoft Visual Studio Solution File, Format Version 12.00
# Visual Studio Version 16
VisualStudioVersion = 16.0.31005.135
MinimumVisualStudioVersion = 10.0.40219.1
Project("{FAE04EC0-301F-11D3-BF4B-00C04F79EFBC}") = "TestingWebFormAssignment", "TestingWebFormAssignment\TestingWebFormAssignment.csproj", "{2B103A36-547A-481E-8042-F3B924C6C9D8}"
EndProject
Project("{FAE04EC0-301F-11D3-BF4B-00C04F79EFBC}") = "TestingWebFormAssignment.Tests", "TestingWebFormAssignment.Tests\TestingWebFormAssignment.Tests.csproj", "{F40CD066-6980-4DC5-B219-50554377903D}"
EndProject
Global
	GlobalSection(SolutionConfigurationPlatforms) = preSolution
		Debug|Any CPU = Debug|Any CPU
		Release|Any CPU = Release|Any CPU
	EndGlobalSection
	GlobalSection(ProjectConfigurationPlatforms) = postSolution
		{2B103A36-547A-481E-8042-F3B924C6C9D8}.Debug|Any CPU.ActiveCfg = Debug|Any CPU
		{2B103A36-547A-481E-8042-F3B924C6C9D8}.Debug|Any CPU.Build.0 = Debug|Any CPU
		{2B103A36-547A-481E-8042-F3B924C6C9D8}.Release|Any CPU.ActiveCfg = Release|Any CPU
		{2B103A36-547A-481E-8042-F3B924C6C9D8}.Release|Any CPU.Build.0 = Release|Any CPU
		{F40CD066-6980-4DC5-B219-50554377903D}.Debug|Any CPU.ActiveCfg = Debug|Any CPU
		{F40CD066-6980-4DC5-B219-50554377903D}.Debug|Any CPU.Build.0 = Debug|Any CPU
		{F40CD066-6980-4DC5-B219-50554377903D}.Release|Any CPU.ActiveCfg = Release|Any CPU
		{F40CD066-6980-4DC5-B219-50554377903D}.Release|Any CPU.Build.0 = Release|Any CPU
	EndGlobalSection
	GlobalSection(SolutionProperties) = preSolution
		HideSolutionNode = FALSE
	EndGlobalSection
	GlobalSection(ExtensibilityGlobals) = postSolution
		SolutionGuid = {FE7E4DC6-8D32-4863-B3C8-B3804E8885C9}
	EndGlobalSection
EndGlobal
